
Microsoft Visual Studio Solution File, Format Version 12.00
# Visual Studio Version 17
VisualStudioVersion = 17.11.35312.102
MinimumVisualStudioVersion = 10.0.40219.1
Project("{2150E333-8FDC-42A3-9474-1A3956D46DE8}") = "src", "src", "{F8A69437-D6CB-4ADC-BFDC-4FFAF4DC5C80}"
EndProject
Project("{2150E333-8FDC-42A3-9474-1A3956D46DE8}") = "tests", "tests", "{76CBB67D-8257-4B46-BCDC-8384D041629A}"
EndProject
Project("{9A19103F-16F7-4668-BE54-9A1E7A4F7556}") = "DocplannerAppointmentScheduler.Api", "src\DocplannerAppointmentScheduler.Api\DocplannerAppointmentScheduler.Api.csproj", "{4818FCE9-04A6-4248-9251-DCB8AFB4FFBF}"
EndProject
Project("{9A19103F-16F7-4668-BE54-9A1E7A4F7556}") = "DocplannerAppointmentScheduler.Api.Tests", "tests\DocplannerAppointmentScheduler.Api.Tests\DocplannerAppointmentScheduler.Api.Tests.csproj", "{84631315-BA21-46BF-AD0B-F5766DE2F46E}"
EndProject
Project("{9A19103F-16F7-4668-BE54-9A1E7A4F7556}") = "DocplannerAppointmentScheduler.Core", "src\DocplannerAppointmentScheduler.Core\DocplannerAppointmentScheduler.Core.csproj", "{675EA200-816F-4F89-9DA3-AA161AA518FC}"
EndProject
Project("{9A19103F-16F7-4668-BE54-9A1E7A4F7556}") = "DocplannerAppointmentScheduler.Domain", "src\DocplannerAppointmentScheduler.Domain\DocplannerAppointmentScheduler.Domain.csproj", "{0E5A4F20-785E-4CCF-81D8-830E85CB4835}"
EndProject
Project("{9A19103F-16F7-4668-BE54-9A1E7A4F7556}") = "DocplannerAppointmentScheduler.Core.Tests", "tests\DocplannerAppointmentScheduler.Core.Tests\DocplannerAppointmentScheduler.Core.Tests.csproj", "{92281BCE-76C0-49C2-A3EB-41E4FDD75943}"
EndProject
Project("{2150E333-8FDC-42A3-9474-1A3956D46DE8}") = "Solution Items", "Solution Items", "{ED687914-DEBE-4BDF-A37C-AF02324628BD}"
	ProjectSection(SolutionItems) = preProject
		README.md = README.md
	EndProjectSection
EndProject
Project("{9A19103F-16F7-4668-BE54-9A1E7A4F7556}") = "DocplannerAppointmentScheduler.Domain.Tests", "tests\DocplannerAppointmentScheduler.Domain.Tests\DocplannerAppointmentScheduler.Domain.Tests.csproj", "{0DCE6FFA-5B1F-45CC-A7EA-EFDD5EFF4FEF}"
EndProject
Project("{9A19103F-16F7-4668-BE54-9A1E7A4F7556}") = "DocplannerAppointmentScheduler.IntegrationTests", "tests\DocplannerAppointmentScheduler.IntegrationTests\DocplannerAppointmentScheduler.IntegrationTests.csproj", "{B7A6FD6D-8DDF-4A4B-AFAD-33C9C0529AC3}"
EndProject
Project("{9A19103F-16F7-4668-BE54-9A1E7A4F7556}") = "DocplannerAppointmentScheduler.TestUtilities", "tests\DocplannerAppointmentScheduler.TestUtilities\DocplannerAppointmentScheduler.TestUtilities.csproj", "{C03D6018-BCCD-4B38-B994-26C570DED2E2}"
EndProject
Global
	GlobalSection(SolutionConfigurationPlatforms) = preSolution
		Debug|Any CPU = Debug|Any CPU
		Release|Any CPU = Release|Any CPU
	EndGlobalSection
	GlobalSection(ProjectConfigurationPlatforms) = postSolution
		{4818FCE9-04A6-4248-9251-DCB8AFB4FFBF}.Debug|Any CPU.ActiveCfg = Debug|Any CPU
		{4818FCE9-04A6-4248-9251-DCB8AFB4FFBF}.Debug|Any CPU.Build.0 = Debug|Any CPU
		{4818FCE9-04A6-4248-9251-DCB8AFB4FFBF}.Release|Any CPU.ActiveCfg = Release|Any CPU
		{4818FCE9-04A6-4248-9251-DCB8AFB4FFBF}.Release|Any CPU.Build.0 = Release|Any CPU
		{84631315-BA21-46BF-AD0B-F5766DE2F46E}.Debug|Any CPU.ActiveCfg = Debug|Any CPU
		{84631315-BA21-46BF-AD0B-F5766DE2F46E}.Debug|Any CPU.Build.0 = Debug|Any CPU
		{84631315-BA21-46BF-AD0B-F5766DE2F46E}.Release|Any CPU.ActiveCfg = Release|Any CPU
		{84631315-BA21-46BF-AD0B-F5766DE2F46E}.Release|Any CPU.Build.0 = Release|Any CPU
		{675EA200-816F-4F89-9DA3-AA161AA518FC}.Debug|Any CPU.ActiveCfg = Debug|Any CPU
		{675EA200-816F-4F89-9DA3-AA161AA518FC}.Debug|Any CPU.Build.0 = Debug|Any CPU
		{675EA200-816F-4F89-9DA3-AA161AA518FC}.Release|Any CPU.ActiveCfg = Release|Any CPU
		{675EA200-816F-4F89-9DA3-AA161AA518FC}.Release|Any CPU.Build.0 = Release|Any CPU
		{0E5A4F20-785E-4CCF-81D8-830E85CB4835}.Debug|Any CPU.ActiveCfg = Debug|Any CPU
		{0E5A4F20-785E-4CCF-81D8-830E85CB4835}.Debug|Any CPU.Build.0 = Debug|Any CPU
		{0E5A4F20-785E-4CCF-81D8-830E85CB4835}.Release|Any CPU.ActiveCfg = Release|Any CPU
		{0E5A4F20-785E-4CCF-81D8-830E85CB4835}.Release|Any CPU.Build.0 = Release|Any CPU
		{92281BCE-76C0-49C2-A3EB-41E4FDD75943}.Debug|Any CPU.ActiveCfg = Debug|Any CPU
		{92281BCE-76C0-49C2-A3EB-41E4FDD75943}.Debug|Any CPU.Build.0 = Debug|Any CPU
		{92281BCE-76C0-49C2-A3EB-41E4FDD75943}.Release|Any CPU.ActiveCfg = Release|Any CPU
		{92281BCE-76C0-49C2-A3EB-41E4FDD75943}.Release|Any CPU.Build.0 = Release|Any CPU
		{0DCE6FFA-5B1F-45CC-A7EA-EFDD5EFF4FEF}.Debug|Any CPU.ActiveCfg = Debug|Any CPU
		{0DCE6FFA-5B1F-45CC-A7EA-EFDD5EFF4FEF}.Debug|Any CPU.Build.0 = Debug|Any CPU
		{0DCE6FFA-5B1F-45CC-A7EA-EFDD5EFF4FEF}.Release|Any CPU.ActiveCfg = Release|Any CPU
		{0DCE6FFA-5B1F-45CC-A7EA-EFDD5EFF4FEF}.Release|Any CPU.Build.0 = Release|Any CPU
		{B7A6FD6D-8DDF-4A4B-AFAD-33C9C0529AC3}.Debug|Any CPU.ActiveCfg = Debug|Any CPU
		{B7A6FD6D-8DDF-4A4B-AFAD-33C9C0529AC3}.Debug|Any CPU.Build.0 = Debug|Any CPU
		{B7A6FD6D-8DDF-4A4B-AFAD-33C9C0529AC3}.Release|Any CPU.ActiveCfg = Release|Any CPU
		{B7A6FD6D-8DDF-4A4B-AFAD-33C9C0529AC3}.Release|Any CPU.Build.0 = Release|Any CPU
		{C03D6018-BCCD-4B38-B994-26C570DED2E2}.Debug|Any CPU.ActiveCfg = Debug|Any CPU
		{C03D6018-BCCD-4B38-B994-26C570DED2E2}.Debug|Any CPU.Build.0 = Debug|Any CPU
		{C03D6018-BCCD-4B38-B994-26C570DED2E2}.Release|Any CPU.ActiveCfg = Release|Any CPU
		{C03D6018-BCCD-4B38-B994-26C570DED2E2}.Release|Any CPU.Build.0 = Release|Any CPU
	EndGlobalSection
	GlobalSection(SolutionProperties) = preSolution
		HideSolutionNode = FALSE
	EndGlobalSection
	GlobalSection(NestedProjects) = preSolution
		{4818FCE9-04A6-4248-9251-DCB8AFB4FFBF} = {F8A69437-D6CB-4ADC-BFDC-4FFAF4DC5C80}
		{84631315-BA21-46BF-AD0B-F5766DE2F46E} = {76CBB67D-8257-4B46-BCDC-8384D041629A}
		{675EA200-816F-4F89-9DA3-AA161AA518FC} = {F8A69437-D6CB-4ADC-BFDC-4FFAF4DC5C80}
		{0E5A4F20-785E-4CCF-81D8-830E85CB4835} = {F8A69437-D6CB-4ADC-BFDC-4FFAF4DC5C80}
		{92281BCE-76C0-49C2-A3EB-41E4FDD75943} = {76CBB67D-8257-4B46-BCDC-8384D041629A}
		{0DCE6FFA-5B1F-45CC-A7EA-EFDD5EFF4FEF} = {76CBB67D-8257-4B46-BCDC-8384D041629A}
		{B7A6FD6D-8DDF-4A4B-AFAD-33C9C0529AC3} = {76CBB67D-8257-4B46-BCDC-8384D041629A}
		{C03D6018-BCCD-4B38-B994-26C570DED2E2} = {76CBB67D-8257-4B46-BCDC-8384D041629A}
	EndGlobalSection
	GlobalSection(ExtensibilityGlobals) = postSolution
		SolutionGuid = {0BBC693A-7BAD-48B6-86DD-694E5BC02BDA}
	EndGlobalSection
EndGlobal
